# TGP — pinned dependencies for reproducible builds
# CI matrix: Python 3.10, 3.12  (dev: 3.14.2)
#
# Install: pip install -r requirements.lock
# To update: pip install --upgrade numpy scipy matplotlib
#            then re-run tests and regenerate this file.

numpy>=1.24,<3
scipy>=1.10,<2
matplotlib>=3.7,<4
